
Microsoft Visual Studio Solution File, Format Version 12.00
# Visual Studio Version 16
VisualStudioVersion = 16.0.29709.97
MinimumVisualStudioVersion = 10.0.40219.1
Project("{9A19103F-16F7-4668-BE54-9A1E7A4F7556}") = "Apps", "Apps\Apps.csproj", "{34B0910B-1AA1-4FF9-9747-2DF56A0F1DC4}"
EndProject
Project("{9A19103F-16F7-4668-BE54-9A1E7A4F7556}") = "Apps.DataDb", "Apps.DataDb\Apps.DataDb.csproj", "{CA4E08EE-751F-4322-AD88-9CFFBEBE77A5}"
EndProject
Project("{9A19103F-16F7-4668-BE54-9A1E7A4F7556}") = "AppInstall", "AppInstall\AppInstall.csproj", "{757A737F-3D3F-4D77-8599-07E2798FAD1C}"
EndProject
Project("{FAE04EC0-301F-11D3-BF4B-00C04F79EFBC}") = "Apps.Domain", "Apps.Domain\Apps.Domain.csproj", "{A538C53E-EB7A-4ABA-80D7-C5CDCA7ABBE5}"
EndProject
Global
	GlobalSection(SolutionConfigurationPlatforms) = preSolution
		Debug|Any CPU = Debug|Any CPU
		Release|Any CPU = Release|Any CPU
	EndGlobalSection
	GlobalSection(ProjectConfigurationPlatforms) = postSolution
		{34B0910B-1AA1-4FF9-9747-2DF56A0F1DC4}.Debug|Any CPU.ActiveCfg = Debug|Any CPU
		{34B0910B-1AA1-4FF9-9747-2DF56A0F1DC4}.Debug|Any CPU.Build.0 = Debug|Any CPU
		{34B0910B-1AA1-4FF9-9747-2DF56A0F1DC4}.Release|Any CPU.ActiveCfg = Release|Any CPU
		{34B0910B-1AA1-4FF9-9747-2DF56A0F1DC4}.Release|Any CPU.Build.0 = Release|Any CPU
		{CA4E08EE-751F-4322-AD88-9CFFBEBE77A5}.Debug|Any CPU.ActiveCfg = Debug|Any CPU
		{CA4E08EE-751F-4322-AD88-9CFFBEBE77A5}.Debug|Any CPU.Build.0 = Debug|Any CPU
		{CA4E08EE-751F-4322-AD88-9CFFBEBE77A5}.Release|Any CPU.ActiveCfg = Release|Any CPU
		{CA4E08EE-751F-4322-AD88-9CFFBEBE77A5}.Release|Any CPU.Build.0 = Release|Any CPU
		{757A737F-3D3F-4D77-8599-07E2798FAD1C}.Debug|Any CPU.ActiveCfg = Debug|Any CPU
		{757A737F-3D3F-4D77-8599-07E2798FAD1C}.Debug|Any CPU.Build.0 = Debug|Any CPU
		{757A737F-3D3F-4D77-8599-07E2798FAD1C}.Release|Any CPU.ActiveCfg = Release|Any CPU
		{757A737F-3D3F-4D77-8599-07E2798FAD1C}.Release|Any CPU.Build.0 = Release|Any CPU
		{A538C53E-EB7A-4ABA-80D7-C5CDCA7ABBE5}.Debug|Any CPU.ActiveCfg = Debug|Any CPU
		{A538C53E-EB7A-4ABA-80D7-C5CDCA7ABBE5}.Debug|Any CPU.Build.0 = Debug|Any CPU
		{A538C53E-EB7A-4ABA-80D7-C5CDCA7ABBE5}.Release|Any CPU.ActiveCfg = Release|Any CPU
		{A538C53E-EB7A-4ABA-80D7-C5CDCA7ABBE5}.Release|Any CPU.Build.0 = Release|Any CPU
	EndGlobalSection
	GlobalSection(SolutionProperties) = preSolution
		HideSolutionNode = FALSE
	EndGlobalSection
	GlobalSection(ExtensibilityGlobals) = postSolution
		SolutionGuid = {6A306626-8A98-4B42-A316-A44947081503}
	EndGlobalSection
EndGlobal
